
Microsoft Visual Studio Solution File, Format Version 12.00
# Visual Studio 2012
Project("{2150E333-8FDC-42A3-9474-1A3956D46DE8}") = "Solution Items", "Solution Items", "{E2CC9FEC-FA39-416E-8F32-61E52C274D92}"
	ProjectSection(SolutionItems) = preProject
		Local.testsettings = Local.testsettings
		PluginsCore.vsmdi = PluginsCore.vsmdi
		TraceAndTestImpact.testsettings = TraceAndTestImpact.testsettings
	EndProjectSection
EndProject
Project("{FAE04EC0-301F-11D3-BF4B-00C04F79EFBC}") = "UnitTesting", "UnitTesting\UnitTesting.csproj", "{9A7DF07E-67DD-4C9A-85A6-12C3D2532998}"
EndProject
Project("{FAE04EC0-301F-11D3-BF4B-00C04F79EFBC}") = "ExternalPlugin", "ExternalPlugin\ExternalPlugin.csproj", "{8F2392AC-B0EB-4492-A62D-ACA604462127}"
EndProject
Project("{7CF6DF6D-3B04-46F8-A40B-537D21BCA0B4}") = "Documentation", "Documentation\Documentation.shfbproj", "{718854FF-269F-43BB-BD6C-FC43B0182C8D}"
EndProject
Project("{FAE04EC0-301F-11D3-BF4B-00C04F79EFBC}") = "PluginsCore", "PluginsCore\PluginsCore.csproj", "{425B12A1-CF13-4B11-AD41-B2BAA3841E66}"
EndProject
Project("{FAE04EC0-301F-11D3-BF4B-00C04F79EFBC}") = "PluginsSystem", "PluginsSystem\PluginsSystem.csproj", "{9CBE83F2-6695-4C0E-A5F3-7980AB4E8F91}"
EndProject
Project("{F088123C-0E9E-452A-89E6-6BA2F21D5CAC}") = "Model", "Model\Model.modelproj", "{3C40DAC6-A492-4653-A93E-86E1C7E26246}"
EndProject
Project("{FAE04EC0-301F-11D3-BF4B-00C04F79EFBC}") = "ConsoleApplication1", "ConsoleApplication1\ConsoleApplication1.csproj", "{17385AAE-775E-47D4-8131-FC7382C623B9}"
EndProject
Global
	GlobalSection(TestCaseManagementSettings) = postSolution
		CategoryFile = PluginsCore.vsmdi
	EndGlobalSection
	GlobalSection(SolutionConfigurationPlatforms) = preSolution
		Debug|Any CPU = Debug|Any CPU
		Debug|Mixed Platforms = Debug|Mixed Platforms
		Debug|x86 = Debug|x86
		Release|Any CPU = Release|Any CPU
		Release|Mixed Platforms = Release|Mixed Platforms
		Release|x86 = Release|x86
	EndGlobalSection
	GlobalSection(ProjectConfigurationPlatforms) = postSolution
		{9A7DF07E-67DD-4C9A-85A6-12C3D2532998}.Debug|Any CPU.ActiveCfg = Debug|Any CPU
		{9A7DF07E-67DD-4C9A-85A6-12C3D2532998}.Debug|Any CPU.Build.0 = Debug|Any CPU
		{9A7DF07E-67DD-4C9A-85A6-12C3D2532998}.Debug|Mixed Platforms.ActiveCfg = Debug|Any CPU
		{9A7DF07E-67DD-4C9A-85A6-12C3D2532998}.Debug|Mixed Platforms.Build.0 = Debug|Any CPU
		{9A7DF07E-67DD-4C9A-85A6-12C3D2532998}.Debug|x86.ActiveCfg = Debug|Any CPU
		{9A7DF07E-67DD-4C9A-85A6-12C3D2532998}.Release|Any CPU.ActiveCfg = Release|Any CPU
		{9A7DF07E-67DD-4C9A-85A6-12C3D2532998}.Release|Any CPU.Build.0 = Release|Any CPU
		{9A7DF07E-67DD-4C9A-85A6-12C3D2532998}.Release|Mixed Platforms.ActiveCfg = Release|Any CPU
		{9A7DF07E-67DD-4C9A-85A6-12C3D2532998}.Release|Mixed Platforms.Build.0 = Release|Any CPU
		{9A7DF07E-67DD-4C9A-85A6-12C3D2532998}.Release|x86.ActiveCfg = Release|Any CPU
		{8F2392AC-B0EB-4492-A62D-ACA604462127}.Debug|Any CPU.ActiveCfg = Debug|Any CPU
		{8F2392AC-B0EB-4492-A62D-ACA604462127}.Debug|Any CPU.Build.0 = Debug|Any CPU
		{8F2392AC-B0EB-4492-A62D-ACA604462127}.Debug|Mixed Platforms.ActiveCfg = Debug|Any CPU
		{8F2392AC-B0EB-4492-A62D-ACA604462127}.Debug|Mixed Platforms.Build.0 = Debug|Any CPU
		{8F2392AC-B0EB-4492-A62D-ACA604462127}.Debug|x86.ActiveCfg = Debug|Any CPU
		{8F2392AC-B0EB-4492-A62D-ACA604462127}.Release|Any CPU.ActiveCfg = Release|Any CPU
		{8F2392AC-B0EB-4492-A62D-ACA604462127}.Release|Any CPU.Build.0 = Release|Any CPU
		{8F2392AC-B0EB-4492-A62D-ACA604462127}.Release|Mixed Platforms.ActiveCfg = Release|Any CPU
		{8F2392AC-B0EB-4492-A62D-ACA604462127}.Release|Mixed Platforms.Build.0 = Release|Any CPU
		{8F2392AC-B0EB-4492-A62D-ACA604462127}.Release|x86.ActiveCfg = Release|Any CPU
		{718854FF-269F-43BB-BD6C-FC43B0182C8D}.Debug|Any CPU.ActiveCfg = Debug|Any CPU
		{718854FF-269F-43BB-BD6C-FC43B0182C8D}.Debug|Mixed Platforms.ActiveCfg = Debug|Any CPU
		{718854FF-269F-43BB-BD6C-FC43B0182C8D}.Debug|x86.ActiveCfg = Debug|Any CPU
		{718854FF-269F-43BB-BD6C-FC43B0182C8D}.Release|Any CPU.ActiveCfg = Release|Any CPU
		{718854FF-269F-43BB-BD6C-FC43B0182C8D}.Release|Any CPU.Build.0 = Release|Any CPU
		{718854FF-269F-43BB-BD6C-FC43B0182C8D}.Release|Mixed Platforms.ActiveCfg = Release|Any CPU
		{718854FF-269F-43BB-BD6C-FC43B0182C8D}.Release|Mixed Platforms.Build.0 = Release|Any CPU
		{718854FF-269F-43BB-BD6C-FC43B0182C8D}.Release|x86.ActiveCfg = Release|Any CPU
		{425B12A1-CF13-4B11-AD41-B2BAA3841E66}.Debug|Any CPU.ActiveCfg = Debug|Any CPU
		{425B12A1-CF13-4B11-AD41-B2BAA3841E66}.Debug|Any CPU.Build.0 = Debug|Any CPU
		{425B12A1-CF13-4B11-AD41-B2BAA3841E66}.Debug|Mixed Platforms.ActiveCfg = Debug|Any CPU
		{425B12A1-CF13-4B11-AD41-B2BAA3841E66}.Debug|Mixed Platforms.Build.0 = Debug|Any CPU
		{425B12A1-CF13-4B11-AD41-B2BAA3841E66}.Debug|x86.ActiveCfg = Debug|Any CPU
		{425B12A1-CF13-4B11-AD41-B2BAA3841E66}.Release|Any CPU.ActiveCfg = Release|Any CPU
		{425B12A1-CF13-4B11-AD41-B2BAA3841E66}.Release|Any CPU.Build.0 = Release|Any CPU
		{425B12A1-CF13-4B11-AD41-B2BAA3841E66}.Release|Mixed Platforms.ActiveCfg = Release|Any CPU
		{425B12A1-CF13-4B11-AD41-B2BAA3841E66}.Release|Mixed Platforms.Build.0 = Release|Any CPU
		{425B12A1-CF13-4B11-AD41-B2BAA3841E66}.Release|x86.ActiveCfg = Release|Any CPU
		{9CBE83F2-6695-4C0E-A5F3-7980AB4E8F91}.Debug|Any CPU.ActiveCfg = Debug|Any CPU
		{9CBE83F2-6695-4C0E-A5F3-7980AB4E8F91}.Debug|Any CPU.Build.0 = Debug|Any CPU
		{9CBE83F2-6695-4C0E-A5F3-7980AB4E8F91}.Debug|Mixed Platforms.ActiveCfg = Debug|Any CPU
		{9CBE83F2-6695-4C0E-A5F3-7980AB4E8F91}.Debug|Mixed Platforms.Build.0 = Debug|Any CPU
		{9CBE83F2-6695-4C0E-A5F3-7980AB4E8F91}.Debug|x86.ActiveCfg = Debug|Any CPU
		{9CBE83F2-6695-4C0E-A5F3-7980AB4E8F91}.Release|Any CPU.ActiveCfg = Release|Any CPU
		{9CBE83F2-6695-4C0E-A5F3-7980AB4E8F91}.Release|Any CPU.Build.0 = Release|Any CPU
		{9CBE83F2-6695-4C0E-A5F3-7980AB4E8F91}.Release|Mixed Platforms.ActiveCfg = Release|Any CPU
		{9CBE83F2-6695-4C0E-A5F3-7980AB4E8F91}.Release|Mixed Platforms.Build.0 = Release|Any CPU
		{9CBE83F2-6695-4C0E-A5F3-7980AB4E8F91}.Release|x86.ActiveCfg = Release|Any CPU
		{3C40DAC6-A492-4653-A93E-86E1C7E26246}.Debug|Any CPU.ActiveCfg = Debug|Any CPU
		{3C40DAC6-A492-4653-A93E-86E1C7E26246}.Debug|Any CPU.Build.0 = Debug|Any CPU
		{3C40DAC6-A492-4653-A93E-86E1C7E26246}.Debug|Mixed Platforms.ActiveCfg = Debug|Any CPU
		{3C40DAC6-A492-4653-A93E-86E1C7E26246}.Debug|Mixed Platforms.Build.0 = Debug|Any CPU
		{3C40DAC6-A492-4653-A93E-86E1C7E26246}.Debug|x86.ActiveCfg = Debug|Any CPU
		{3C40DAC6-A492-4653-A93E-86E1C7E26246}.Release|Any CPU.ActiveCfg = Release|Any CPU
		{3C40DAC6-A492-4653-A93E-86E1C7E26246}.Release|Any CPU.Build.0 = Release|Any CPU
		{3C40DAC6-A492-4653-A93E-86E1C7E26246}.Release|Mixed Platforms.ActiveCfg = Release|Any CPU
		{3C40DAC6-A492-4653-A93E-86E1C7E26246}.Release|Mixed Platforms.Build.0 = Release|Any CPU
		{3C40DAC6-A492-4653-A93E-86E1C7E26246}.Release|x86.ActiveCfg = Release|Any CPU
		{17385AAE-775E-47D4-8131-FC7382C623B9}.Debug|Any CPU.ActiveCfg = Debug|Any CPU
		{17385AAE-775E-47D4-8131-FC7382C623B9}.Debug|Any CPU.Build.0 = Debug|Any CPU
		{17385AAE-775E-47D4-8131-FC7382C623B9}.Debug|Mixed Platforms.ActiveCfg = Debug|Any CPU
		{17385AAE-775E-47D4-8131-FC7382C623B9}.Debug|Mixed Platforms.Build.0 = Debug|Any CPU
		{17385AAE-775E-47D4-8131-FC7382C623B9}.Debug|x86.ActiveCfg = Debug|Any CPU
		{17385AAE-775E-47D4-8131-FC7382C623B9}.Release|Any CPU.ActiveCfg = Release|Any CPU
		{17385AAE-775E-47D4-8131-FC7382C623B9}.Release|Any CPU.Build.0 = Release|Any CPU
		{17385AAE-775E-47D4-8131-FC7382C623B9}.Release|Mixed Platforms.ActiveCfg = Release|Any CPU
		{17385AAE-775E-47D4-8131-FC7382C623B9}.Release|Mixed Platforms.Build.0 = Release|Any CPU
		{17385AAE-775E-47D4-8131-FC7382C623B9}.Release|x86.ActiveCfg = Release|Any CPU
	EndGlobalSection
	GlobalSection(SolutionProperties) = preSolution
		HideSolutionNode = FALSE
	EndGlobalSection
EndGlobal
